
Microsoft Visual Studio Solution File, Format Version 12.00
# Visual Studio Version 16
VisualStudioVersion = 16.0.29905.134
MinimumVisualStudioVersion = 10.0.40219.1
Project("{FAE04EC0-301F-11D3-BF4B-00C04F79EFBC}") = "monster", "monster\monster.csproj", "{BC275DDB-A725-4DDE-9985-AE954FD39552}"
EndProject
Global
	GlobalSection(SolutionConfigurationPlatforms) = preSolution
		Debug|Any CPU = Debug|Any CPU
		Release|Any CPU = Release|Any CPU
	EndGlobalSection
	GlobalSection(ProjectConfigurationPlatforms) = postSolution
		{BC275DDB-A725-4DDE-9985-AE954FD39552}.Debug|Any CPU.ActiveCfg = Debug|Any CPU
		{BC275DDB-A725-4DDE-9985-AE954FD39552}.Debug|Any CPU.Build.0 = Debug|Any CPU
		{BC275DDB-A725-4DDE-9985-AE954FD39552}.Release|Any CPU.ActiveCfg = Release|Any CPU
		{BC275DDB-A725-4DDE-9985-AE954FD39552}.Release|Any CPU.Build.0 = Release|Any CPU
	EndGlobalSection
	GlobalSection(SolutionProperties) = preSolution
		HideSolutionNode = FALSE
	EndGlobalSection
	GlobalSection(ExtensibilityGlobals) = postSolution
		SolutionGuid = {FF3DA0AA-DD4E-4BA0-9573-D748372CAE0C}
	EndGlobalSection
EndGlobal
